github.com/cplieger/envx/v2 v2.0.7 h1:psUbYc3N+71/3Jouy2Py1YX731B/EuAH56N+HBx0XJg=
github.com/cplieger/envx/v2 v2.0.7/go.mod h1:xMjvjS+CI1VcUzZyzGPyeNpCyfEDBN+6FzcY6OEyJBY=
github.com/cplieger/health v1.8.2 h1:diGNLq2UwTYpprTMJg0Dc5sd5l4Ec1wNFk1Ri8vaEGQ=
github.com/cplieger/health v1.8.2/go.mod h1:uiQm1zh3/7TGZffTX9W0p+GRTbVXfEM9POyWe1Rf0PU=
github.com/cplieger/httpx/v5 v5.0.5 h1:A2h/B2WJfjdGsY+r/jTID3Y86vY7Dfyg1DV+p77ili8=
github.com/cplieger/httpx/v5 v5.0.5/go.mod h1:+oL1fPTCSNuzy7HZEC2eCSirL+D3fh/AblvN/nQPSt0=
github.com/cplieger/keyenc v1.0.11 h1:dt8+sEoBlQ1+mvID0NCr//RIhfqQM8mhcAg15kCrNeU=
github.com/cplieger/keyenc v1.0.11/go.mod h1:Lg79aUqLICnRRroo2EDqZKoUTY24g7UcOdgMA8T2j2w=
github.com/cplieger/pathinside/v2 v2.0.3 h1:g7V1tj/OHvHIaB0W2rwS3HvoaK2Mv5sZWf++tbz9+Fk=
github.com/cplieger/pathinside/v2 v2.0.3/go.mod h1:WmVoGiWfzmYnkpgGArhVtnGOmANMdGjFy0se76jmg9w=
github.com/cplieger/plexapi/v2 v2.1.0 h1:TZwspJTq5mtlJFCr1MS/DFBIi3j7pRb3ttBlvucPXWM=
github.com/cplieger/plexapi/v2 v2.1.0/go.mod h1:8og/b/O2B4U+wlQaF2r2TkMqR7k1vRSsTBYejfCoGYY=
github.com/cplieger/runesafe/v2 v2.1.1 h1:RE5LVy0ebepMs3Gky6DKgFrV0ykODk2W8OGVa8Zm0H8=
github.com/cplieger/runesafe/v2 v2.1.1/go.mod h1:cB0JYmCjfU+VzKAFWnhYfJL8OK0+d196ZSwh+Ohr+0k=
github.com/cplieger/scheduler/v4 v4.2.3 h1:G6Pe3kgnj42QmMu6V5ogNWY80OlSepybfwuv2hrpPwA=
github.com/cplieger/scheduler/v4 v4.2.3/go.mod h1:BgLY1Zv2nDd3B74bUzB8S0tpDClb73rRQLfICCLFQeE=
github.com/cplieger/slogx v1.6.7 h1:X0tViA7NGq0MtKlW2aIxyEP9khZX1n3OYethDXdJsHc=
github.com/cplieger/slogx v1.6.7/go.mod h1:OVpRiI3PBCUgA0uWdER654LNftjSDHbV/7PDYMoemTA=
github.com/cplieger/xmlx v1.0.6 h1:oKsCEocYbKcWM/4+j+l+QlPv4Myvqj+HQ3X+j5naDns=
github.com/cplieger/xmlx v1.0.6/go.mod h1:xEEyT298GrLxVQlpzActoEDfOQW0lwBuedrjXBc4cw4=
golang.org/x/sync v0.24.0 h1:iqiDrGoDgyuvAKrhLQthUEzU/R378N78gXbBjxed7oA=
golang.org/x/sync v0.24.0/go.mod h1:sUUOizhqBxiL6pEWpqNLUiaJn1ShEbZ6BBqskPbjZm0=
pgregory.net/rapid v1.3.0 h1:vBvO0VSqti75J1jjYqpgPNBLKMd1+gxa9fYo7vk/Exc=
pgregory.net/rapid v1.3.0/go.mod h1:dPlE4OBBxgXPqkP79flB6sJL1dx5azpI7HQ9MY9Z7uk=
